// !$*UTF8*$!
{
	archiveVersion = 1;
	classes = {
	};
	objectVersion = 51;
	objects = {

/* Begin PBXBuildFile section */
		04FC00C02C68BBDA38B73C30 /* Pods_ChambersTests.framework in Frameworks */ = {isa = PBXBuildFile; fileRef = 358B3D9CFA167F8005E52FF1 /* Pods_ChambersTests.framework */; };
		6392D9D699AB220BD9547E8C /* Pods_Chambers.framework in Frameworks */ = {isa = PBXBuildFile; fileRef = BD1B1E32EF962C17CF4E3658 /* Pods_Chambers.framework */; };
		D127B51A24B4896300CBF7B4 /* AppDelegate.swift in Sources */ = {isa = PBXBuildFile; fileRef = D127B51924B4896300CBF7B4 /* AppDelegate.swift */; };
		D127B51E24B4896300CBF7B4 /* ViewController.swift in Sources */ = {isa = PBXBuildFile; fileRef = D127B51D24B4896300CBF7B4 /* ViewController.swift */; };
		D127B52324B4896700CBF7B4 /* Assets.xcassets in Resources */ = {isa = PBXBuildFile; fileRef = D127B52224B4896700CBF7B4 /* Assets.xcassets */; };
		D127B52624B4896700CBF7B4 /* LaunchScreen.storyboard in Resources */ = {isa = PBXBuildFile; fileRef = D127B52424B4896700CBF7B4 /* LaunchScreen.storyboard */; };
		D127B53124B4896700CBF7B4 /* ChambersTests.swift in Sources */ = {isa = PBXBuildFile; fileRef = D127B53024B4896700CBF7B4 /* ChambersTests.swift */; };
		D196613924B4CFF9004A336C /* Main.storyboard in Resources */ = {isa = PBXBuildFile; fileRef = D127B51F24B4896300CBF7B4 /* Main.storyboard */; };
		D196613B24B4DD82004A336C /* AppDelegateExtension.swift in Sources */ = {isa = PBXBuildFile; fileRef = D196613A24B4DD82004A336C /* AppDelegateExtension.swift */; };
		D196613D24B4E74D004A336C /* AuthenticationServices.framework in Frameworks */ = {isa = PBXBuildFile; fileRef = D196613C24B4E74D004A336C /* AuthenticationServices.framework */; };
		D1A1FDC824B49157007337B7 /* LoginViewController.swift in Sources */ = {isa = PBXBuildFile; fileRef = D1A1FDC724B49157007337B7 /* LoginViewController.swift */; };
		D1A1FDCB24B491A8007337B7 /* LoginView.swift in Sources */ = {isa = PBXBuildFile; fileRef = D1A1FDCA24B491A8007337B7 /* LoginView.swift */; };
		D1AC7A0B24B6E68B003978BA /* DashBoardViewController.swift in Sources */ = {isa = PBXBuildFile; fileRef = D1AC7A0A24B6E68B003978BA /* DashBoardViewController.swift */; };
		D1AC7A0D24B6E6AE003978BA /* DashBoardView.swift in Sources */ = {isa = PBXBuildFile; fileRef = D1AC7A0C24B6E6AE003978BA /* DashBoardView.swift */; };
		D1AC7A1024B6E74A003978BA /* NewDocumentController.swift in Sources */ = {isa = PBXBuildFile; fileRef = D1AC7A0F24B6E74A003978BA /* NewDocumentController.swift */; };
		D1AD9D9D24B87D4700DD292B /* CryptoHelper.swift in Sources */ = {isa = PBXBuildFile; fileRef = D1AD9D9C24B87D4700DD292B /* CryptoHelper.swift */; };
		D1AD9D9F24B87F0800DD292B /* CryptoSwift.framework in Frameworks */ = {isa = PBXBuildFile; fileRef = D1AD9D9E24B87F0800DD292B /* CryptoSwift.framework */; };
		D1AD9DA724B8A87500DD292B /* SwCrypt.swift in Sources */ = {isa = PBXBuildFile; fileRef = D1AD9DA624B8A87400DD292B /* SwCrypt.swift */; };
		D1C448BF24B7417800EDA165 /* NewDocumentView.swift in Sources */ = {isa = PBXBuildFile; fileRef = D1C448BE24B7417800EDA165 /* NewDocumentView.swift */; };
		D1C448C224B7484C00EDA165 /* UIColorExtension.swift in Sources */ = {isa = PBXBuildFile; fileRef = D1C448C124B7484C00EDA165 /* UIColorExtension.swift */; };
		D1C448C424B7487C00EDA165 /* ColorsHelper.swift in Sources */ = {isa = PBXBuildFile; fileRef = D1C448C324B7487C00EDA165 /* ColorsHelper.swift */; };
		D1C448C624B74A5700EDA165 /* UIFontExtension.swift in Sources */ = {isa = PBXBuildFile; fileRef = D1C448C524B74A5700EDA165 /* UIFontExtension.swift */; };
		D1C448C824B75E5000EDA165 /* UtilitiesHelper.swift in Sources */ = {isa = PBXBuildFile; fileRef = D1C448C724B75E5000EDA165 /* UtilitiesHelper.swift */; };
		D1C448CA24B7665400EDA165 /* AVFoundation.framework in Frameworks */ = {isa = PBXBuildFile; fileRef = D1C448C924B7665400EDA165 /* AVFoundation.framework */; };
		D1C448CC24B768D200EDA165 /* ActionDelegate.swift in Sources */ = {isa = PBXBuildFile; fileRef = D1C448CB24B768D200EDA165 /* ActionDelegate.swift */; };
/* End PBXBuildFile section */

/* Begin PBXContainerItemProxy section */
		D127B52D24B4896700CBF7B4 /* PBXContainerItemProxy */ = {
			isa = PBXContainerItemProxy;
			containerPortal = D127B50E24B4896300CBF7B4 /* Project object */;
			proxyType = 1;
			remoteGlobalIDString = D127B51524B4896300CBF7B4;
			remoteInfo = Chambers;
		};
/* End PBXContainerItemProxy section */

/* Begin PBXFileReference section */
		076C279F6B10D5849E6C2500 /* Pods-Chambers.debug.xcconfig */ = {isa = PBXFileReference; includeInIndex = 1; lastKnownFileType = text.xcconfig; name = "Pods-Chambers.debug.xcconfig"; path = "Target Support Files/Pods-Chambers/Pods-Chambers.debug.xcconfig"; sourceTree = "<group>"; };
		17953ACB03167F0A5B6CEB34 /* Pods-Chambers.release.xcconfig */ = {isa = PBXFileReference; includeInIndex = 1; lastKnownFileType = text.xcconfig; name = "Pods-Chambers.release.xcconfig"; path = "Target Support Files/Pods-Chambers/Pods-Chambers.release.xcconfig"; sourceTree = "<group>"; };
		358B3D9CFA167F8005E52FF1 /* Pods_ChambersTests.framework */ = {isa = PBXFileReference; explicitFileType = wrapper.framework; includeInIndex = 0; path = Pods_ChambersTests.framework; sourceTree = BUILT_PRODUCTS_DIR; };
		5B159BFBC0E7F96692B88434 /* Pods-ChambersTests.release.xcconfig */ = {isa = PBXFileReference; includeInIndex = 1; lastKnownFileType = text.xcconfig; name = "Pods-ChambersTests.release.xcconfig"; path = "Target Support Files/Pods-ChambersTests/Pods-ChambersTests.release.xcconfig"; sourceTree = "<group>"; };
		94C49177ECBDB4793CDB81A9 /* Pods-ChambersTests.debug.xcconfig */ = {isa = PBXFileReference; includeInIndex = 1; lastKnownFileType = text.xcconfig; name = "Pods-ChambersTests.debug.xcconfig"; path = "Target Support Files/Pods-ChambersTests/Pods-ChambersTests.debug.xcconfig"; sourceTree = "<group>"; };
		BD1B1E32EF962C17CF4E3658 /* Pods_Chambers.framework */ = {isa = PBXFileReference; explicitFileType = wrapper.framework; includeInIndex = 0; path = Pods_Chambers.framework; sourceTree = BUILT_PRODUCTS_DIR; };
		D127B51624B4896300CBF7B4 /* Chambers.app */ = {isa = PBXFileReference; explicitFileType = wrapper.application; includeInIndex = 0; path = Chambers.app; sourceTree = BUILT_PRODUCTS_DIR; };
		D127B51924B4896300CBF7B4 /* AppDelegate.swift */ = {isa = PBXFileReference; lastKnownFileType = sourcecode.swift; path = AppDelegate.swift; sourceTree = "<group>"; };
		D127B51D24B4896300CBF7B4 /* ViewController.swift */ = {isa = PBXFileReference; lastKnownFileType = sourcecode.swift; path = ViewController.swift; sourceTree = "<group>"; };
		D127B52024B4896300CBF7B4 /* Base */ = {isa = PBXFileReference; lastKnownFileType = file.storyboard; name = Base; path = Base.lproj/Main.storyboard; sourceTree = "<group>"; };
		D127B52224B4896700CBF7B4 /* Assets.xcassets */ = {isa = PBXFileReference; lastKnownFileType = folder.assetcatalog; path = Assets.xcassets; sourceTree = "<group>"; };
		D127B52524B4896700CBF7B4 /* Base */ = {isa = PBXFileReference; lastKnownFileType = file.storyboard; name = Base; path = Base.lproj/LaunchScreen.storyboard; sourceTree = "<group>"; };
		D127B52724B4896700CBF7B4 /* Info.plist */ = {isa = PBXFileReference; lastKnownFileType = text.plist.xml; path = Info.plist; sourceTree = "<group>"; };
		D127B52C24B4896700CBF7B4 /* ChambersTests.xctest */ = {isa = PBXFileReference; explicitFileType = wrapper.cfbundle; includeInIndex = 0; path = ChambersTests.xctest; sourceTree = BUILT_PRODUCTS_DIR; };
		D127B53024B4896700CBF7B4 /* ChambersTests.swift */ = {isa = PBXFileReference; lastKnownFileType = sourcecode.swift; path = ChambersTests.swift; sourceTree = "<group>"; };
		D127B53224B4896700CBF7B4 /* Info.plist */ = {isa = PBXFileReference; lastKnownFileType = text.plist.xml; path = Info.plist; sourceTree = "<group>"; };
		D196613A24B4DD82004A336C /* AppDelegateExtension.swift */ = {isa = PBXFileReference; lastKnownFileType = sourcecode.swift; path = AppDelegateExtension.swift; sourceTree = "<group>"; };
		D196613C24B4E74D004A336C /* AuthenticationServices.framework */ = {isa = PBXFileReference; lastKnownFileType = wrapper.framework; name = AuthenticationServices.framework; path = System/Library/Frameworks/AuthenticationServices.framework; sourceTree = SDKROOT; };
		D1A1FDC724B49157007337B7 /* LoginViewController.swift */ = {isa = PBXFileReference; lastKnownFileType = sourcecode.swift; path = LoginViewController.swift; sourceTree = "<group>"; };
		D1A1FDCA24B491A8007337B7 /* LoginView.swift */ = {isa = PBXFileReference; lastKnownFileType = sourcecode.swift; path = LoginView.swift; sourceTree = "<group>"; };
		D1AC7A0924B6D64E003978BA /* Chambers.entitlements */ = {isa = PBXFileReference; lastKnownFileType = text.plist.entitlements; path = Chambers.entitlements; sourceTree = "<group>"; };
		D1AC7A0A24B6E68B003978BA /* DashBoardViewController.swift */ = {isa = PBXFileReference; lastKnownFileType = sourcecode.swift; path = DashBoardViewController.swift; sourceTree = "<group>"; };
		D1AC7A0C24B6E6AE003978BA /* DashBoardView.swift */ = {isa = PBXFileReference; lastKnownFileType = sourcecode.swift; path = DashBoardView.swift; sourceTree = "<group>"; };
		D1AC7A0F24B6E74A003978BA /* NewDocumentController.swift */ = {isa = PBXFileReference; lastKnownFileType = sourcecode.swift; path = NewDocumentController.swift; sourceTree = "<group>"; };
		D1AD9D9C24B87D4700DD292B /* CryptoHelper.swift */ = {isa = PBXFileReference; lastKnownFileType = sourcecode.swift; path = CryptoHelper.swift; sourceTree = "<group>"; };
		D1AD9D9E24B87F0800DD292B /* CryptoSwift.framework */ = {isa = PBXFileReference; explicitFileType = wrapper.framework; path = CryptoSwift.framework; sourceTree = BUILT_PRODUCTS_DIR; };
		D1AD9DA324B896A400DD292B /* Chambers-Bridging-Header.h */ = {isa = PBXFileReference; lastKnownFileType = sourcecode.c.h; path = "Chambers-Bridging-Header.h"; sourceTree = "<group>"; };
		D1AD9DA624B8A87400DD292B /* SwCrypt.swift */ = {isa = PBXFileReference; fileEncoding = 4; lastKnownFileType = sourcecode.swift; path = SwCrypt.swift; sourceTree = "<group>"; };
		D1C448BE24B7417800EDA165 /* NewDocumentView.swift */ = {isa = PBXFileReference; lastKnownFileType = sourcecode.swift; path = NewDocumentView.swift; sourceTree = "<group>"; };
		D1C448C124B7484C00EDA165 /* UIColorExtension.swift */ = {isa = PBXFileReference; lastKnownFileType = sourcecode.swift; path = UIColorExtension.swift; sourceTree = "<group>"; };
		D1C448C324B7487C00EDA165 /* ColorsHelper.swift */ = {isa = PBXFileReference; lastKnownFileType = sourcecode.swift; path = ColorsHelper.swift; sourceTree = "<group>"; };
		D1C448C524B74A5700EDA165 /* UIFontExtension.swift */ = {isa = PBXFileReference; lastKnownFileType = sourcecode.swift; path = UIFontExtension.swift; sourceTree = "<group>"; };
		D1C448C724B75E5000EDA165 /* UtilitiesHelper.swift */ = {isa = PBXFileReference; lastKnownFileType = sourcecode.swift; path = UtilitiesHelper.swift; sourceTree = "<group>"; };
		D1C448C924B7665400EDA165 /* AVFoundation.framework */ = {isa = PBXFileReference; lastKnownFileType = wrapper.framework; name = AVFoundation.framework; path = System/Library/Frameworks/AVFoundation.framework; sourceTree = SDKROOT; };
		D1C448CB24B768D200EDA165 /* ActionDelegate.swift */ = {isa = PBXFileReference; lastKnownFileType = sourcecode.swift; path = ActionDelegate.swift; sourceTree = "<group>"; };
/* End PBXFileReference section */

/* Begin PBXFrameworksBuildPhase section */
		D127B51324B4896300CBF7B4 /* Frameworks */ = {
			isa = PBXFrameworksBuildPhase;
			buildActionMask = 2147483647;
			files = (
				D196613D24B4E74D004A336C /* AuthenticationServices.framework in Frameworks */,
				6392D9D699AB220BD9547E8C /* Pods_Chambers.framework in Frameworks */,
				D1C448CA24B7665400EDA165 /* AVFoundation.framework in Frameworks */,
				D1AD9D9F24B87F0800DD292B /* CryptoSwift.framework in Frameworks */,
			);
			runOnlyForDeploymentPostprocessing = 0;
		};
		D127B52924B4896700CBF7B4 /* Frameworks */ = {
			isa = PBXFrameworksBuildPhase;
			buildActionMask = 2147483647;
			files = (
				04FC00C02C68BBDA38B73C30 /* Pods_ChambersTests.framework in Frameworks */,
			);
			runOnlyForDeploymentPostprocessing = 0;
		};
/* End PBXFrameworksBuildPhase section */

/* Begin PBXGroup section */
		025BD38D104A7BCB7E4720CF /* Pods */ = {
			isa = PBXGroup;
			children = (
				076C279F6B10D5849E6C2500 /* Pods-Chambers.debug.xcconfig */,
				17953ACB03167F0A5B6CEB34 /* Pods-Chambers.release.xcconfig */,
				94C49177ECBDB4793CDB81A9 /* Pods-ChambersTests.debug.xcconfig */,
				5B159BFBC0E7F96692B88434 /* Pods-ChambersTests.release.xcconfig */,
			);
			path = Pods;
			sourceTree = "<group>";
		};
		D127B50D24B4896300CBF7B4 = {
			isa = PBXGroup;
			children = (
				D127B51824B4896300CBF7B4 /* Chambers */,
				D127B52F24B4896700CBF7B4 /* ChambersTests */,
				D127B51724B4896300CBF7B4 /* Products */,
				025BD38D104A7BCB7E4720CF /* Pods */,
				D36AC7E0139B9864A4782D51 /* Frameworks */,
			);
			sourceTree = "<group>";
		};
		D127B51724B4896300CBF7B4 /* Products */ = {
			isa = PBXGroup;
			children = (
				D127B51624B4896300CBF7B4 /* Chambers.app */,
				D127B52C24B4896700CBF7B4 /* ChambersTests.xctest */,
			);
			name = Products;
			sourceTree = "<group>";
		};
		D127B51824B4896300CBF7B4 /* Chambers */ = {
			isa = PBXGroup;
			children = (
				D1AD9DA224B8967D00DD292B /* Bridge */,
				D1C448C024B7476000EDA165 /* Utilities */,
				D1AC7A0E24B6E6BF003978BA /* Components */,
				D1AC7A0924B6D64E003978BA /* Chambers.entitlements */,
				D1A1FDC924B49196007337B7 /* View */,
				D1A1FDC624B4913C007337B7 /* Controller */,
				D127B51924B4896300CBF7B4 /* AppDelegate.swift */,
				D127B51D24B4896300CBF7B4 /* ViewController.swift */,
				D127B51F24B4896300CBF7B4 /* Main.storyboard */,
				D127B52224B4896700CBF7B4 /* Assets.xcassets */,
				D127B52424B4896700CBF7B4 /* LaunchScreen.storyboard */,
				D127B52724B4896700CBF7B4 /* Info.plist */,
				D196613A24B4DD82004A336C /* AppDelegateExtension.swift */,
			);
			path = Chambers;
			sourceTree = "<group>";
		};
		D127B52F24B4896700CBF7B4 /* ChambersTests */ = {
			isa = PBXGroup;
			children = (
				D127B53024B4896700CBF7B4 /* ChambersTests.swift */,
				D127B53224B4896700CBF7B4 /* Info.plist */,
			);
			path = ChambersTests;
			sourceTree = "<group>";
		};
		D1A1FDC624B4913C007337B7 /* Controller */ = {
			isa = PBXGroup;
			children = (
				D1A1FDC724B49157007337B7 /* LoginViewController.swift */,
				D1AC7A0F24B6E74A003978BA /* NewDocumentController.swift */,
				D1AC7A0A24B6E68B003978BA /* DashBoardViewController.swift */,
			);
			path = Controller;
			sourceTree = "<group>";
		};
		D1A1FDC924B49196007337B7 /* View */ = {
			isa = PBXGroup;
			children = (
				D1A1FDCA24B491A8007337B7 /* LoginView.swift */,
				D1AC7A0C24B6E6AE003978BA /* DashBoardView.swift */,
				D1C448BE24B7417800EDA165 /* NewDocumentView.swift */,
			);
			path = View;
			sourceTree = "<group>";
		};
		D1AC7A0E24B6E6BF003978BA /* Components */ = {
			isa = PBXGroup;
			children = (
			);
			path = Components;
			sourceTree = "<group>";
		};
		D1AD9DA224B8967D00DD292B /* Bridge */ = {
			isa = PBXGroup;
			children = (
				D1AD9DA324B896A400DD292B /* Chambers-Bridging-Header.h */,
			);
			path = Bridge;
			sourceTree = "<group>";
		};
		D1C448C024B7476000EDA165 /* Utilities */ = {
			isa = PBXGroup;
			children = (
				D1AD9DA624B8A87400DD292B /* SwCrypt.swift */,
				D1C448C124B7484C00EDA165 /* UIColorExtension.swift */,
				D1C448C324B7487C00EDA165 /* ColorsHelper.swift */,
				D1C448C524B74A5700EDA165 /* UIFontExtension.swift */,
				D1C448C724B75E5000EDA165 /* UtilitiesHelper.swift */,
				D1C448CB24B768D200EDA165 /* ActionDelegate.swift */,
				D1AD9D9C24B87D4700DD292B /* CryptoHelper.swift */,
			);
			path = Utilities;
			sourceTree = "<group>";
		};
		D36AC7E0139B9864A4782D51 /* Frameworks */ = {
			isa = PBXGroup;
			children = (
				D1AD9D9E24B87F0800DD292B /* CryptoSwift.framework */,
				D1C448C924B7665400EDA165 /* AVFoundation.framework */,
				D196613C24B4E74D004A336C /* AuthenticationServices.framework */,
				BD1B1E32EF962C17CF4E3658 /* Pods_Chambers.framework */,
				358B3D9CFA167F8005E52FF1 /* Pods_ChambersTests.framework */,
			);
			name = Frameworks;
			sourceTree = "<group>";
		};
/* End PBXGroup section */

/* Begin PBXNativeTarget section */
		D127B51524B4896300CBF7B4 /* Chambers */ = {
			isa = PBXNativeTarget;
			buildConfigurationList = D127B53524B4896700CBF7B4 /* Build configuration list for PBXNativeTarget "Chambers" */;
			buildPhases = (
				CE8FD21570D0B3845C86AAE4 /* [CP] Check Pods Manifest.lock */,
				D127B51224B4896300CBF7B4 /* Sources */,
				D127B51324B4896300CBF7B4 /* Frameworks */,
				D127B51424B4896300CBF7B4 /* Resources */,
				951BC91158934DDECE0F5130 /* [CP] Embed Pods Frameworks */,
				110B40F314C31B9D42670087 /* [CP] Copy Pods Resources */,
			);
			buildRules = (
			);
			dependencies = (
			);
			name = Chambers;
			productName = Chambers;
			productReference = D127B51624B4896300CBF7B4 /* Chambers.app */;
			productType = "com.apple.product-type.application";
		};
		D127B52B24B4896700CBF7B4 /* ChambersTests */ = {
			isa = PBXNativeTarget;
			buildConfigurationList = D127B53824B4896700CBF7B4 /* Build configuration list for PBXNativeTarget "ChambersTests" */;
			buildPhases = (
				DFA27F3961B540D8F5C90812 /* [CP] Check Pods Manifest.lock */,
				D127B52824B4896700CBF7B4 /* Sources */,
				D127B52924B4896700CBF7B4 /* Frameworks */,
				D127B52A24B4896700CBF7B4 /* Resources */,
			);
			buildRules = (
			);
			dependencies = (
				D127B52E24B4896700CBF7B4 /* PBXTargetDependency */,
			);
			name = ChambersTests;
			productName = ChambersTests;
			productReference = D127B52C24B4896700CBF7B4 /* ChambersTests.xctest */;
			productType = "com.apple.product-type.bundle.unit-test";
		};
/* End PBXNativeTarget section */

/* Begin PBXProject section */
		D127B50E24B4896300CBF7B4 /* Project object */ = {
			isa = PBXProject;
			attributes = {
				KnownAssetTags = (
					New,
				);
				LastSwiftUpdateCheck = 1140;
				LastUpgradeCheck = 1140;
				ORGANIZATIONNAME = Citibank;
				TargetAttributes = {
					D127B51524B4896300CBF7B4 = {
						CreatedOnToolsVersion = 11.4.1;
						LastSwiftMigration = 1140;
					};
					D127B52B24B4896700CBF7B4 = {
						CreatedOnToolsVersion = 11.4.1;
						TestTargetID = D127B51524B4896300CBF7B4;
					};
				};
			};
			buildConfigurationList = D127B51124B4896300CBF7B4 /* Build configuration list for PBXProject "Chambers" */;
			compatibilityVersion = "Xcode 9.3";
			developmentRegion = en;
			hasScannedForEncodings = 0;
			knownRegions = (
				en,
				Base,
			);
			mainGroup = D127B50D24B4896300CBF7B4;
			productRefGroup = D127B51724B4896300CBF7B4 /* Products */;
			projectDirPath = "";
			projectRoot = "";
			targets = (
				D127B51524B4896300CBF7B4 /* Chambers */,
				D127B52B24B4896700CBF7B4 /* ChambersTests */,
			);
		};
/* End PBXProject section */

/* Begin PBXResourcesBuildPhase section */
		D127B51424B4896300CBF7B4 /* Resources */ = {
			isa = PBXResourcesBuildPhase;
			buildActionMask = 2147483647;
			files = (
				D196613924B4CFF9004A336C /* Main.storyboard in Resources */,
				D127B52624B4896700CBF7B4 /* LaunchScreen.storyboard in Resources */,
				D127B52324B4896700CBF7B4 /* Assets.xcassets in Resources */,
			);
			runOnlyForDeploymentPostprocessing = 0;
		};
		D127B52A24B4896700CBF7B4 /* Resources */ = {
			isa = PBXResourcesBuildPhase;
			buildActionMask = 2147483647;
			files = (
			);
			runOnlyForDeploymentPostprocessing = 0;
		};
/* End PBXResourcesBuildPhase section */

/* Begin PBXShellScriptBuildPhase section */
		110B40F314C31B9D42670087 /* [CP] Copy Pods Resources */ = {
			isa = PBXShellScriptBuildPhase;
			buildActionMask = 2147483647;
			files = (
			);
			inputFileListPaths = (
				"${PODS_ROOT}/Target Support Files/Pods-Chambers/Pods-Chambers-resources-${CONFIGURATION}-input-files.xcfilelist",
			);
			name = "[CP] Copy Pods Resources";
			outputFileListPaths = (
				"${PODS_ROOT}/Target Support Files/Pods-Chambers/Pods-Chambers-resources-${CONFIGURATION}-output-files.xcfilelist",
			);
			runOnlyForDeploymentPostprocessing = 0;
			shellPath = /bin/sh;
			shellScript = "\"${PODS_ROOT}/Target Support Files/Pods-Chambers/Pods-Chambers-resources.sh\"\n";
			showEnvVarsInLog = 0;
		};
		951BC91158934DDECE0F5130 /* [CP] Embed Pods Frameworks */ = {
			isa = PBXShellScriptBuildPhase;
			buildActionMask = 2147483647;
			files = (
			);
			inputFileListPaths = (
				"${PODS_ROOT}/Target Support Files/Pods-Chambers/Pods-Chambers-frameworks-${CONFIGURATION}-input-files.xcfilelist",
			);
			name = "[CP] Embed Pods Frameworks";
			outputFileListPaths = (
				"${PODS_ROOT}/Target Support Files/Pods-Chambers/Pods-Chambers-frameworks-${CONFIGURATION}-output-files.xcfilelist",
			);
			runOnlyForDeploymentPostprocessing = 0;
			shellPath = /bin/sh;
			shellScript = "\"${PODS_ROOT}/Target Support Files/Pods-Chambers/Pods-Chambers-frameworks.sh\"\n";
			showEnvVarsInLog = 0;
		};
		CE8FD21570D0B3845C86AAE4 /* [CP] Check Pods Manifest.lock */ = {
			isa = PBXShellScriptBuildPhase;
			buildActionMask = 2147483647;
			files = (
			);
			inputFileListPaths = (
			);
			inputPaths = (
				"${PODS_PODFILE_DIR_PATH}/Podfile.lock",
				"${PODS_ROOT}/Manifest.lock",
			);
			name = "[CP] Check Pods Manifest.lock";
			outputFileListPaths = (
			);
			outputPaths = (
				"$(DERIVED_FILE_DIR)/Pods-Chambers-checkManifestLockResult.txt",
			);
			runOnlyForDeploymentPostprocessing = 0;
			shellPath = /bin/sh;
			shellScript = "diff \"${PODS_PODFILE_DIR_PATH}/Podfile.lock\" \"${PODS_ROOT}/Manifest.lock\" > /dev/null\nif [ $? != 0 ] ; then\n    # print error to STDERR\n    echo \"error: The sandbox is not in sync with the Podfile.lock. Run 'pod install' or update your CocoaPods installation.\" >&2\n    exit 1\nfi\n# This output is used by Xcode 'outputs' to avoid re-running this script phase.\necho \"SUCCESS\" > \"${SCRIPT_OUTPUT_FILE_0}\"\n";
			showEnvVarsInLog = 0;
		};
		DFA27F3961B540D8F5C90812 /* [CP] Check Pods Manifest.lock */ = {
			isa = PBXShellScriptBuildPhase;
			buildActionMask = 2147483647;
			files = (
			);
			inputFileListPaths = (
			);
			inputPaths = (
				"${PODS_PODFILE_DIR_PATH}/Podfile.lock",
				"${PODS_ROOT}/Manifest.lock",
			);
			name = "[CP] Check Pods Manifest.lock";
			outputFileListPaths = (
			);
			outputPaths = (
				"$(DERIVED_FILE_DIR)/Pods-ChambersTests-checkManifestLockResult.txt",
			);
			runOnlyForDeploymentPostprocessing = 0;
			shellPath = /bin/sh;
			shellScript = "diff \"${PODS_PODFILE_DIR_PATH}/Podfile.lock\" \"${PODS_ROOT}/Manifest.lock\" > /dev/null\nif [ $? != 0 ] ; then\n    # print error to STDERR\n    echo \"error: The sandbox is not in sync with the Podfile.lock. Run 'pod install' or update your CocoaPods installation.\" >&2\n    exit 1\nfi\n# This output is used by Xcode 'outputs' to avoid re-running this script phase.\necho \"SUCCESS\" > \"${SCRIPT_OUTPUT_FILE_0}\"\n";
			showEnvVarsInLog = 0;
		};
/* End PBXShellScriptBuildPhase section */

/* Begin PBXSourcesBuildPhase section */
		D127B51224B4896300CBF7B4 /* Sources */ = {
			isa = PBXSourcesBuildPhase;
			buildActionMask = 2147483647;
			files = (
				D1A1FDC824B49157007337B7 /* LoginViewController.swift in Sources */,
				D1C448C824B75E5000EDA165 /* UtilitiesHelper.swift in Sources */,
				D127B51E24B4896300CBF7B4 /* ViewController.swift in Sources */,
				D1C448C424B7487C00EDA165 /* ColorsHelper.swift in Sources */,
				D1AD9DA724B8A87500DD292B /* SwCrypt.swift in Sources */,
				D127B51A24B4896300CBF7B4 /* AppDelegate.swift in Sources */,
				D1AC7A1024B6E74A003978BA /* NewDocumentController.swift in Sources */,
				D1C448BF24B7417800EDA165 /* NewDocumentView.swift in Sources */,
				D1AC7A0D24B6E6AE003978BA /* DashBoardView.swift in Sources */,
				D1C448CC24B768D200EDA165 /* ActionDelegate.swift in Sources */,
				D1AC7A0B24B6E68B003978BA /* DashBoardViewController.swift in Sources */,
				D1C448C224B7484C00EDA165 /* UIColorExtension.swift in Sources */,
				D196613B24B4DD82004A336C /* AppDelegateExtension.swift in Sources */,
				D1C448C624B74A5700EDA165 /* UIFontExtension.swift in Sources */,
				D1A1FDCB24B491A8007337B7 /* LoginView.swift in Sources */,
				D1AD9D9D24B87D4700DD292B /* CryptoHelper.swift in Sources */,
			);
			runOnlyForDeploymentPostprocessing = 0;
		};
		D127B52824B4896700CBF7B4 /* Sources */ = {
			isa = PBXSourcesBuildPhase;
			buildActionMask = 2147483647;
			files = (
				D127B53124B4896700CBF7B4 /* ChambersTests.swift in Sources */,
			);
			runOnlyForDeploymentPostprocessing = 0;
		};
/* End PBXSourcesBuildPhase section */

/* Begin PBXTargetDependency section */
		D127B52E24B4896700CBF7B4 /* PBXTargetDependency */ = {
			isa = PBXTargetDependency;
			target = D127B51524B4896300CBF7B4 /* Chambers */;
			targetProxy = D127B52D24B4896700CBF7B4 /* PBXContainerItemProxy */;
		};
/* End PBXTargetDependency section */

/* Begin PBXVariantGroup section */
		D127B51F24B4896300CBF7B4 /* Main.storyboard */ = {
			isa = PBXVariantGroup;
			children = (
				D127B52024B4896300CBF7B4 /* Base */,
			);
			name = Main.storyboard;
			sourceTree = "<group>";
		};
		D127B52424B4896700CBF7B4 /* LaunchScreen.storyboard */ = {
			isa = PBXVariantGroup;
			children = (
				D127B52524B4896700CBF7B4 /* Base */,
			);
			name = LaunchScreen.storyboard;
			sourceTree = "<group>";
		};
/* End PBXVariantGroup section */

/* Begin XCBuildConfiguration section */
		D127B53324B4896700CBF7B4 /* Debug */ = {
			isa = XCBuildConfiguration;
			buildSettings = {
				ALWAYS_SEARCH_USER_PATHS = NO;
				CLANG_ANALYZER_NONNULL = YES;
				CLANG_ANALYZER_NUMBER_OBJECT_CONVERSION = YES_AGGRESSIVE;
				CLANG_CXX_LANGUAGE_STANDARD = "gnu++14";
				CLANG_CXX_LIBRARY = "libc++";
				CLANG_ENABLE_MODULES = YES;
				CLANG_ENABLE_OBJC_ARC = YES;
				CLANG_ENABLE_OBJC_WEAK = YES;
				CLANG_WARN_BLOCK_CAPTURE_AUTORELEASING = YES;
				CLANG_WARN_BOOL_CONVERSION = YES;
				CLANG_WARN_COMMA = YES;
				CLANG_WARN_CONSTANT_CONVERSION = YES;
				CLANG_WARN_DEPRECATED_OBJC_IMPLEMENTATIONS = YES;
				CLANG_WARN_DIRECT_OBJC_ISA_USAGE = YES_ERROR;
				CLANG_WARN_DOCUMENTATION_COMMENTS = YES;
				CLANG_WARN_EMPTY_BODY = YES;
				CLANG_WARN_ENUM_CONVERSION = YES;
				CLANG_WARN_INFINITE_RECURSION = YES;
				CLANG_WARN_INT_CONVERSION = YES;
				CLANG_WARN_NON_LITERAL_NULL_CONVERSION = YES;
				CLANG_WARN_OBJC_IMPLICIT_RETAIN_SELF = YES;
				CLANG_WARN_OBJC_LITERAL_CONVERSION = YES;
				CLANG_WARN_OBJC_ROOT_CLASS = YES_ERROR;
				CLANG_WARN_RANGE_LOOP_ANALYSIS = YES;
				CLANG_WARN_STRICT_PROTOTYPES = YES;
				CLANG_WARN_SUSPICIOUS_MOVE = YES;
				CLANG_WARN_UNGUARDED_AVAILABILITY = YES_AGGRESSIVE;
				CLANG_WARN_UNREACHABLE_CODE = YES;
				CLANG_WARN__DUPLICATE_METHOD_MATCH = YES;
				COPY_PHASE_STRIP = NO;
				DEBUG_INFORMATION_FORMAT = dwarf;
				ENABLE_STRICT_OBJC_MSGSEND = YES;
				ENABLE_TESTABILITY = YES;
				GCC_C_LANGUAGE_STANDARD = gnu11;
				GCC_DYNAMIC_NO_PIC = NO;
				GCC_NO_COMMON_BLOCKS = YES;
				GCC_OPTIMIZATION_LEVEL = 0;
				GCC_PREPROCESSOR_DEFINITIONS = (
					"DEBUG=1",
					"$(inherited)",
				);
				GCC_WARN_64_TO_32_BIT_CONVERSION = YES;
				GCC_WARN_ABOUT_RETURN_TYPE = YES_ERROR;
				GCC_WARN_UNDECLARED_SELECTOR = YES;
				GCC_WARN_UNINITIALIZED_AUTOS = YES_AGGRESSIVE;
				GCC_WARN_UNUSED_FUNCTION = YES;
				GCC_WARN_UNUSED_VARIABLE = YES;
				IPHONEOS_DEPLOYMENT_TARGET = 13.4;
				MTL_ENABLE_DEBUG_INFO = INCLUDE_SOURCE;
				MTL_FAST_MATH = YES;
				ONLY_ACTIVE_ARCH = YES;
				SDKROOT = iphoneos;
				SWIFT_ACTIVE_COMPILATION_CONDITIONS = DEBUG;
				SWIFT_OPTIMIZATION_LEVEL = "-Onone";
			};
			name = Debug;
		};
		D127B53424B4896700CBF7B4 /* Release */ = {
			isa = XCBuildConfiguration;
			buildSettings = {
				ALWAYS_SEARCH_USER_PATHS = NO;
				CLANG_ANALYZER_NONNULL = YES;
				CLANG_ANALYZER_NUMBER_OBJECT_CONVERSION = YES_AGGRESSIVE;
				CLANG_CXX_LANGUAGE_STANDARD = "gnu++14";
				CLANG_CXX_LIBRARY = "libc++";
				CLANG_ENABLE_MODULES = YES;
				CLANG_ENABLE_OBJC_ARC = YES;
				CLANG_ENABLE_OBJC_WEAK = YES;
				CLANG_WARN_BLOCK_CAPTURE_AUTORELEASING = YES;
				CLANG_WARN_BOOL_CONVERSION = YES;
				CLANG_WARN_COMMA = YES;
				CLANG_WARN_CONSTANT_CONVERSION = YES;
				CLANG_WARN_DEPRECATED_OBJC_IMPLEMENTATIONS = YES;
				CLANG_WARN_DIRECT_OBJC_ISA_USAGE = YES_ERROR;
				CLANG_WARN_DOCUMENTATION_COMMENTS = YES;
				CLANG_WARN_EMPTY_BODY = YES;
				CLANG_WARN_ENUM_CONVERSION = YES;
				CLANG_WARN_INFINITE_RECURSION = YES;
				CLANG_WARN_INT_CONVERSION = YES;
				CLANG_WARN_NON_LITERAL_NULL_CONVERSION = YES;
				CLANG_WARN_OBJC_IMPLICIT_RETAIN_SELF = YES;
				CLANG_WARN_OBJC_LITERAL_CONVERSION = YES;
				CLANG_WARN_OBJC_ROOT_CLASS = YES_ERROR;
				CLANG_WARN_RANGE_LOOP_ANALYSIS = YES;
				CLANG_WARN_STRICT_PROTOTYPES = YES;
				CLANG_WARN_SUSPICIOUS_MOVE = YES;
				CLANG_WARN_UNGUARDED_AVAILABILITY = YES_AGGRESSIVE;
				CLANG_WARN_UNREACHABLE_CODE = YES;
				CLANG_WARN__DUPLICATE_METHOD_MATCH = YES;
				COPY_PHASE_STRIP = NO;
				DEBUG_INFORMATION_FORMAT = "dwarf-with-dsym";
				ENABLE_NS_ASSERTIONS = NO;
				ENABLE_STRICT_OBJC_MSGSEND = YES;
				GCC_C_LANGUAGE_STANDARD = gnu11;
				GCC_NO_COMMON_BLOCKS = YES;
				GCC_WARN_64_TO_32_BIT_CONVERSION = YES;
				GCC_WARN_ABOUT_RETURN_TYPE = YES_ERROR;
				GCC_WARN_UNDECLARED_SELECTOR = YES;
				GCC_WARN_UNINITIALIZED_AUTOS = YES_AGGRESSIVE;
				GCC_WARN_UNUSED_FUNCTION = YES;
				GCC_WARN_UNUSED_VARIABLE = YES;
				IPHONEOS_DEPLOYMENT_TARGET = 13.4;
				MTL_ENABLE_DEBUG_INFO = NO;
				MTL_FAST_MATH = YES;
				SDKROOT = iphoneos;
				SWIFT_COMPILATION_MODE = wholemodule;
				SWIFT_OPTIMIZATION_LEVEL = "-O";
				VALIDATE_PRODUCT = YES;
			};
			name = Release;
		};
		D127B53624B4896700CBF7B4 /* Debug */ = {
			isa = XCBuildConfiguration;
			baseConfigurationReference = 076C279F6B10D5849E6C2500 /* Pods-Chambers.debug.xcconfig */;
			buildSettings = {
				ASSETCATALOG_COMPILER_APPICON_NAME = AppIcon;
				CLANG_ENABLE_MODULES = YES;
				CODE_SIGN_ENTITLEMENTS = Chambers/Chambers.entitlements;
				CODE_SIGN_STYLE = Automatic;
				DEVELOPMENT_TEAM = DZ6557Z6W8;
				INFOPLIST_FILE = Chambers/Info.plist;
				IPHONEOS_DEPLOYMENT_TARGET = 12.0;
				LD_RUNPATH_SEARCH_PATHS = (
					"$(inherited)",
					"@executable_path/Frameworks",
				);
				PRODUCT_BUNDLE_IDENTIFIER = org.swesree.auth.Chambers;
				PRODUCT_NAME = "$(TARGET_NAME)";
				SWIFT_OBJC_BRIDGING_HEADER = "Chambers/Bridge/Chambers-Bridging-Header.h";
				SWIFT_OPTIMIZATION_LEVEL = "-Onone";
				SWIFT_VERSION = 5.0;
				TARGETED_DEVICE_FAMILY = 1;
			};
			name = Debug;
		};
		D127B53724B4896700CBF7B4 /* Release */ = {
			isa = XCBuildConfiguration;
			baseConfigurationReference = 17953ACB03167F0A5B6CEB34 /* Pods-Chambers.release.xcconfig */;
			buildSettings = {
				ASSETCATALOG_COMPILER_APPICON_NAME = AppIcon;
				CLANG_ENABLE_MODULES = YES;
				CODE_SIGN_ENTITLEMENTS = Chambers/Chambers.entitlements;
				CODE_SIGN_STYLE = Automatic;
				DEVELOPMENT_TEAM = DZ6557Z6W8;
				INFOPLIST_FILE = Chambers/Info.plist;
				IPHONEOS_DEPLOYMENT_TARGET = 12.0;
				LD_RUNPATH_SEARCH_PATHS = (
					"$(inherited)",
					"@executable_path/Frameworks",
				);
				PRODUCT_BUNDLE_IDENTIFIER = org.swesree.auth.Chambers;
				PRODUCT_NAME = "$(TARGET_NAME)";
				SWIFT_OBJC_BRIDGING_HEADER = "Chambers/Bridge/Chambers-Bridging-Header.h";
				SWIFT_VERSION = 5.0;
				TARGETED_DEVICE_FAMILY = 1;
			};
			name = Release;
		};
		D127B53924B4896700CBF7B4 /* Debug */ = {
			isa = XCBuildConfiguration;
			baseConfigurationReference = 94C49177ECBDB4793CDB81A9 /* Pods-ChambersTests.debug.xcconfig */;
			buildSettings = {
				ALWAYS_EMBED_SWIFT_STANDARD_LIBRARIES = YES;
				BUNDLE_LOADER = "$(TEST_HOST)";
				CODE_SIGN_STYLE = Automatic;
				INFOPLIST_FILE = ChambersTests/Info.plist;
				IPHONEOS_DEPLOYMENT_TARGET = 13.4;
				LD_RUNPATH_SEARCH_PATHS = (
					"$(inherited)",
					"@executable_path/Frameworks",
					"@loader_path/Frameworks",
				);
				PRODUCT_BUNDLE_IDENTIFIER = org.swesree.auth.ChambersTests;
				PRODUCT_NAME = "$(TARGET_NAME)";
				SWIFT_VERSION = 5.0;
				TARGETED_DEVICE_FAMILY = "1,2";
				TEST_HOST = "$(BUILT_PRODUCTS_DIR)/Chambers.app/Chambers";
			};
			name = Debug;
		};
		D127B53A24B4896700CBF7B4 /* Release */ = {
			isa = XCBuildConfiguration;
			baseConfigurationReference = 5B159BFBC0E7F96692B88434 /* Pods-ChambersTests.release.xcconfig */;
			buildSettings = {
				ALWAYS_EMBED_SWIFT_STANDARD_LIBRARIES = YES;
				BUNDLE_LOADER = "$(TEST_HOST)";
				CODE_SIGN_STYLE = Automatic;
				INFOPLIST_FILE = ChambersTests/Info.plist;
				IPHONEOS_DEPLOYMENT_TARGET = 13.4;
				LD_RUNPATH_SEARCH_PATHS = (
					"$(inherited)",
					"@executable_path/Frameworks",
					"@loader_path/Frameworks",
				);
				PRODUCT_BUNDLE_IDENTIFIER = org.swesree.auth.ChambersTests;
				PRODUCT_NAME = "$(TARGET_NAME)";
				SWIFT_VERSION = 5.0;
				TARGETED_DEVICE_FAMILY = "1,2";
				TEST_HOST = "$(BUILT_PRODUCTS_DIR)/Chambers.app/Chambers";
			};
			name = Release;
		};
/* End XCBuildConfiguration section */

/* Begin XCConfigurationList section */
		D127B51124B4896300CBF7B4 /* Build configuration list for PBXProject "Chambers" */ = {
			isa = XCConfigurationList;
			buildConfigurations = (
				D127B53324B4896700CBF7B4 /* Debug */,
				D127B53424B4896700CBF7B4 /* Release */,
			);
			defaultConfigurationIsVisible = 0;
			defaultConfigurationName = Release;
		};
		D127B53524B4896700CBF7B4 /* Build configuration list for PBXNativeTarget "Chambers" */ = {
			isa = XCConfigurationList;
			buildConfigurations = (
				D127B53624B4896700CBF7B4 /* Debug */,
				D127B53724B4896700CBF7B4 /* Release */,
			);
			defaultConfigurationIsVisible = 0;
			defaultConfigurationName = Release;
		};
		D127B53824B4896700CBF7B4 /* Build configuration list for PBXNativeTarget "ChambersTests" */ = {
			isa = XCConfigurationList;
			buildConfigurations = (
				D127B53924B4896700CBF7B4 /* Debug */,
				D127B53A24B4896700CBF7B4 /* Release */,
			);
			defaultConfigurationIsVisible = 0;
			defaultConfigurationName = Release;
		};
/* End XCConfigurationList section */
	};
	rootObject = D127B50E24B4896300CBF7B4 /* Project object */;
}
